
Microsoft Visual Studio Solution File, Format Version 12.00
# Visual Studio Version 16
VisualStudioVersion = 16.0.30804.86
MinimumVisualStudioVersion = 10.0.40219.1
Project("{FAE04EC0-301F-11D3-BF4B-00C04F79EFBC}") = "Crsch_3", "Crsch_3\Crsch_3.csproj", "{B0CBD40D-2209-4522-B56F-17BECE0B79BC}"
EndProject
Global
	GlobalSection(SolutionConfigurationPlatforms) = preSolution
		Debug|Any CPU = Debug|Any CPU
		Release|Any CPU = Release|Any CPU
	EndGlobalSection
	GlobalSection(ProjectConfigurationPlatforms) = postSolution
		{B0CBD40D-2209-4522-B56F-17BECE0B79BC}.Debug|Any CPU.ActiveCfg = Debug|Any CPU
		{B0CBD40D-2209-4522-B56F-17BECE0B79BC}.Debug|Any CPU.Build.0 = Debug|Any CPU
		{B0CBD40D-2209-4522-B56F-17BECE0B79BC}.Release|Any CPU.ActiveCfg = Release|Any CPU
		{B0CBD40D-2209-4522-B56F-17BECE0B79BC}.Release|Any CPU.Build.0 = Release|Any CPU
	EndGlobalSection
	GlobalSection(SolutionProperties) = preSolution
		HideSolutionNode = FALSE
	EndGlobalSection
	GlobalSection(ExtensibilityGlobals) = postSolution
		SolutionGuid = {515AEEE7-23A3-48F5-A394-3084772F47D0}
	EndGlobalSection
EndGlobal
